{
  "name": "chat-server",
  "version": "0.0.0",
  "lockfileVersion": 1,
  "requires": true,
  "dependencies": {
    "@types/node": {
      "version": "8.10.60",
      "resolved": "https://registry.npmjs.org/@types/node/-/node-8.10.60.tgz",
      "integrity": "sha512-YjPbypHFuiOV0bTgeF07HpEEqhmHaZqYNSdCKeBJa+yFoQ/7BC+FpJcwmi34xUIIRVFktnUyP1dPU8U0612GOg==",
      "dev": true
    },
    "@types/ws": {
      "version": "7.2.4",
      "resolved": "https://registry.npmjs.org/@types/ws/-/ws-7.2.4.tgz",
      "integrity": "sha512-9S6Ask71vujkVyeEXKxjBSUV8ZUB0mjL5la4IncBoheu04bDaYyUKErh1BQcY9+WzOUOiKqz/OnpJHYckbMfNg==",
      "dev": true,
      "requires": {
        "@types/node": "*"
      }
    },
    "typescript": {
      "version": "3.9.2",
      "resolved": "https://registry.npmjs.org/typescript/-/typescript-3.9.2.tgz",
      "integrity": "sha512-q2ktq4n/uLuNNShyayit+DTobV2ApPEo/6so68JaD5ojvc/6GClBipedB9zNWYxRSAlZXAe405Rlijzl6qDiSw==",
      "dev": true
    },
    "ws": {
      "version": "7.4.6",
      "resolved": "https://registry.npmjs.org/ws/-/ws-7.4.6.tgz",
      "integrity": "sha512-YmhHDO4MzaDLB+M9ym/mDA5z0naX8j7SIlT8f8z+I0VtzsRbekxEutHSme7NPS2qE8StCYQNUnfWdXta/Yu85A=="
    }
  }
}
